
Microsoft Visual Studio Solution File, Format Version 12.00
# Visual Studio Version 17
VisualStudioVersion = 17.4.33213.308
MinimumVisualStudioVersion = 10.0.40219.1
Project("{FAE04EC0-301F-11D3-BF4B-00C04F79EFBC}") = "Practica 1 C-Sharp", "Practica 1 C-Sharp.csproj", "{3114ED22-0E4E-4227-8C5B-DF9C36D5DC61}"
EndProject
Global
	GlobalSection(SolutionConfigurationPlatforms) = preSolution
		Debug|Any CPU = Debug|Any CPU
		Release|Any CPU = Release|Any CPU
	EndGlobalSection
	GlobalSection(ProjectConfigurationPlatforms) = postSolution
		{3114ED22-0E4E-4227-8C5B-DF9C36D5DC61}.Debug|Any CPU.ActiveCfg = Debug|Any CPU
		{3114ED22-0E4E-4227-8C5B-DF9C36D5DC61}.Debug|Any CPU.Build.0 = Debug|Any CPU
		{3114ED22-0E4E-4227-8C5B-DF9C36D5DC61}.Release|Any CPU.ActiveCfg = Release|Any CPU
		{3114ED22-0E4E-4227-8C5B-DF9C36D5DC61}.Release|Any CPU.Build.0 = Release|Any CPU
	EndGlobalSection
	GlobalSection(SolutionProperties) = preSolution
		HideSolutionNode = FALSE
	EndGlobalSection
	GlobalSection(ExtensibilityGlobals) = postSolution
		SolutionGuid = {EE58CA09-9E42-4C80-8164-25C4E7D8A490}
	EndGlobalSection
EndGlobal
